{
  "name": "skye-base",
  "version": "1.0.0",
  "lockfileVersion": 2,
  "requires": true,
  "packages": {
    "": {
      "name": "skye-base",
      "version": "1.0.0",
      "license": "MIT",
      "dependencies": {
        "@overextended/oxmysql": "^1.3.0"
      },
      "devDependencies": {
        "@citizenfx/client": "latest",
        "@citizenfx/server": "latest",
        "@types/node": "^16.3.1",
        "esbuild": "^0.14.10"
      }
    },
    "node_modules/@citizenfx/client": {
      "version": "2.0.6704-1",
      "resolved": "https://registry.npmjs.org/@citizenfx/client/-/client-2.0.6704-1.tgz",
      "integrity": "sha512-0fPYLhC+jOVCo5kuqf4gVCo7MGZqe3PFcM/G/WTTPOzXR4UDgU2YbUs1vCfmIpCr+wL5nxOT5wnVxl+I6i3njw==",
      "dev": true
    },
    "node_modules/@citizenfx/server": {
      "version": "2.0.6704-1",
      "resolved": "https://registry.npmjs.org/@citizenfx/server/-/server-2.0.6704-1.tgz",
      "integrity": "sha512-6hv87Ys1YOStesQ506vxQX/a2NCqyWHKu30Mev9gUz8Rt1XnDGUoZCTI0fwNj9mcZ+UuVtISCjdUGICbAHrfXQ==",
      "dev": true
    },
    "node_modules/@overextended/oxmysql": {
      "version": "1.3.0",
      "resolved": "https://registry.npmjs.org/@overextended/oxmysql/-/oxmysql-1.3.0.tgz",
      "integrity": "sha512-dpbcAT8HHUQiXyQMb0ei46tUEeCbh9mAgDf4y2vofPp+E3g4QEW8rh0/LuI510VLzJQ7gvTbalQSL84IiCncCw=="
    },
    "node_modules/@types/node": {
      "version": "16.18.53",
      "resolved": "https://registry.npmjs.org/@types/node/-/node-16.18.53.tgz",
      "integrity": "sha512-vVmHeo4tpF8zsknALU90Hh24VueYdu45ZlXzYWFbom61YR4avJqTFDC3QlWzjuTdAv6/3xHaxiO9NrtVZXrkmw==",
      "dev": true,
      "license": "MIT"
    },
    "node_modules/esbuild": {
      "version": "0.14.54",
      "resolved": "https://registry.npmjs.org/esbuild/-/esbuild-0.14.54.tgz",
      "integrity": "sha512-Cy9llcy8DvET5uznocPyqL3BFRrFXSVqbgpMJ9Wz8oVjZlh/zUSNbPRbov0VX7VxN2JH1Oa0uNxZ7eLRb62pJA==",
      "dev": true,
      "hasInstallScript": true,
      "license": "MIT",
      "bin": {
        "esbuild": "bin/esbuild"
      },
      "engines": {
        "node": ">=12"
      },
      "optionalDependencies": {
        "@esbuild/linux-loong64": "0.14.54",
        "esbuild-android-64": "0.14.54",
        "esbuild-android-arm64": "0.14.54",
        "esbuild-darwin-64": "0.14.54",
        "esbuild-darwin-arm64": "0.14.54",
        "esbuild-freebsd-64": "0.14.54",
        "esbuild-freebsd-arm64": "0.14.54",
        "esbuild-linux-32": "0.14.54",
        "esbuild-linux-64": "0.14.54",
        "esbuild-linux-arm": "0.14.54",
        "esbuild-linux-arm64": "0.14.54",
        "esbuild-linux-mips64le": "0.14.54",
        "esbuild-linux-ppc64le": "0.14.54",
        "esbuild-linux-riscv64": "0.14.54",
        "esbuild-linux-s390x": "0.14.54",
        "esbuild-netbsd-64": "0.14.54",
        "esbuild-openbsd-64": "0.14.54",
        "esbuild-sunos-64": "0.14.54",
        "esbuild-windows-32": "0.14.54",
        "esbuild-windows-64": "0.14.54",
        "esbuild-windows-arm64": "0.14.54"
      }
    },
    "node_modules/esbuild-windows-64": {
      "version": "0.14.54",
      "resolved": "https://registry.npmjs.org/esbuild-windows-64/-/esbuild-windows-64-0.14.54.tgz",
      "integrity": "sha512-AoHTRBUuYwXtZhjXZbA1pGfTo8cJo3vZIcWGLiUcTNgHpJJMC1rVA44ZereBHMJtotyN71S8Qw0npiCIkW96cQ==",
      "cpu": [
        "x64"
      ],
      "dev": true,
      "license": "MIT",
      "optional": true,
      "os": [
        "win32"
      ],
      "engines": {
        "node": ">=12"
      }
    }
  },
  "dependencies": {
    "@citizenfx/client": {
      "version": "2.0.6704-1",
      "resolved": "https://registry.npmjs.org/@citizenfx/client/-/client-2.0.6704-1.tgz",
      "integrity": "sha512-0fPYLhC+jOVCo5kuqf4gVCo7MGZqe3PFcM/G/WTTPOzXR4UDgU2YbUs1vCfmIpCr+wL5nxOT5wnVxl+I6i3njw==",
      "dev": true
    },
    "@citizenfx/server": {
      "version": "2.0.6704-1",
      "resolved": "https://registry.npmjs.org/@citizenfx/server/-/server-2.0.6704-1.tgz",
      "integrity": "sha512-6hv87Ys1YOStesQ506vxQX/a2NCqyWHKu30Mev9gUz8Rt1XnDGUoZCTI0fwNj9mcZ+UuVtISCjdUGICbAHrfXQ==",
      "dev": true
    },
    "@overextended/oxmysql": {
      "version": "1.3.0",
      "resolved": "https://registry.npmjs.org/@overextended/oxmysql/-/oxmysql-1.3.0.tgz",
      "integrity": "sha512-dpbcAT8HHUQiXyQMb0ei46tUEeCbh9mAgDf4y2vofPp+E3g4QEW8rh0/LuI510VLzJQ7gvTbalQSL84IiCncCw=="
    },
    "@types/node": {
      "version": "16.18.53",
      "resolved": "https://registry.npmjs.org/@types/node/-/node-16.18.53.tgz",
      "integrity": "sha512-vVmHeo4tpF8zsknALU90Hh24VueYdu45ZlXzYWFbom61YR4avJqTFDC3QlWzjuTdAv6/3xHaxiO9NrtVZXrkmw==",
      "dev": true
    },
    "esbuild": {
      "version": "0.14.54",
      "resolved": "https://registry.npmjs.org/esbuild/-/esbuild-0.14.54.tgz",
      "integrity": "sha512-Cy9llcy8DvET5uznocPyqL3BFRrFXSVqbgpMJ9Wz8oVjZlh/zUSNbPRbov0VX7VxN2JH1Oa0uNxZ7eLRb62pJA==",
      "dev": true,
      "requires": {
        "@esbuild/linux-loong64": "0.14.54",
        "esbuild-android-64": "0.14.54",
        "esbuild-android-arm64": "0.14.54",
        "esbuild-darwin-64": "0.14.54",
        "esbuild-darwin-arm64": "0.14.54",
        "esbuild-freebsd-64": "0.14.54",
        "esbuild-freebsd-arm64": "0.14.54",
        "esbuild-linux-32": "0.14.54",
        "esbuild-linux-64": "0.14.54",
        "esbuild-linux-arm": "0.14.54",
        "esbuild-linux-arm64": "0.14.54",
        "esbuild-linux-mips64le": "0.14.54",
        "esbuild-linux-ppc64le": "0.14.54",
        "esbuild-linux-riscv64": "0.14.54",
        "esbuild-linux-s390x": "0.14.54",
        "esbuild-netbsd-64": "0.14.54",
        "esbuild-openbsd-64": "0.14.54",
        "esbuild-sunos-64": "0.14.54",
        "esbuild-windows-32": "0.14.54",
        "esbuild-windows-64": "0.14.54",
        "esbuild-windows-arm64": "0.14.54"
      }
    },
    "esbuild-windows-64": {
      "version": "0.14.54",
      "resolved": "https://registry.npmjs.org/esbuild-windows-64/-/esbuild-windows-64-0.14.54.tgz",
      "integrity": "sha512-AoHTRBUuYwXtZhjXZbA1pGfTo8cJo3vZIcWGLiUcTNgHpJJMC1rVA44ZereBHMJtotyN71S8Qw0npiCIkW96cQ==",
      "dev": true,
      "optional": true
    }
  }
}
